
Microsoft Visual Studio Solution File, Format Version 12.00
# Visual Studio Version 17
VisualStudioVersion = 17.14.36109.1
MinimumVisualStudioVersion = 10.0.40219.1
Project("{8BC9CEB8-8B4A-11D0-8D11-00A0C91BC942}") = "operetors_02", "operetors_02\operetors_02.vcxproj", "{03264248-8600-4711-B5C4-14AD8FAE844A}"
EndProject
Global
	GlobalSection(SolutionConfigurationPlatforms) = preSolution
		Debug|x64 = Debug|x64
		Debug|x86 = Debug|x86
		Release|x64 = Release|x64
		Release|x86 = Release|x86
	EndGlobalSection
	GlobalSection(ProjectConfigurationPlatforms) = postSolution
		{03264248-8600-4711-B5C4-14AD8FAE844A}.Debug|x64.ActiveCfg = Debug|x64
		{03264248-8600-4711-B5C4-14AD8FAE844A}.Debug|x64.Build.0 = Debug|x64
		{03264248-8600-4711-B5C4-14AD8FAE844A}.Debug|x86.ActiveCfg = Debug|Win32
		{03264248-8600-4711-B5C4-14AD8FAE844A}.Debug|x86.Build.0 = Debug|Win32
		{03264248-8600-4711-B5C4-14AD8FAE844A}.Release|x64.ActiveCfg = Release|x64
		{03264248-8600-4711-B5C4-14AD8FAE844A}.Release|x64.Build.0 = Release|x64
		{03264248-8600-4711-B5C4-14AD8FAE844A}.Release|x86.ActiveCfg = Release|Win32
		{03264248-8600-4711-B5C4-14AD8FAE844A}.Release|x86.Build.0 = Release|Win32
	EndGlobalSection
	GlobalSection(SolutionProperties) = preSolution
		HideSolutionNode = FALSE
	EndGlobalSection
	GlobalSection(ExtensibilityGlobals) = postSolution
		SolutionGuid = {3008FE82-8021-4372-BF61-B108DBBE6C34}
	EndGlobalSection
EndGlobal
